
Microsoft Visual Studio Solution File, Format Version 12.00
# Visual Studio Version 16
VisualStudioVersion = 16.0.36422.26
MinimumVisualStudioVersion = 10.0.40219.1
Project("{8BC9CEB8-8B4A-11D0-8D11-00A0C91BC942}") = "mutf8_test", "tests\mutf8_test\mutf8_test.vcxproj", "{6301278C-B686-4ABC-B7D6-3B0EAF6F1129}"
EndProject
Project("{8BC9CEB8-8B4A-11D0-8D11-00A0C91BC942}") = "nbt_test", "tests\nbt_test\nbt_test.vcxproj", "{5CE5EC05-83A5-4C65-A847-1FF098A0BE56}"
EndProject
Project("{2150E333-8FDC-42A3-9474-1A3956D46DE8}") = "tests", "tests", "{CB0077C9-8803-486A-BD8C-1EEF01298AAA}"
EndProject
Project("{2150E333-8FDC-42A3-9474-1A3956D46DE8}") = "deps", "deps", "{575F30F7-1871-4C8A-80F9-95B324BF9895}"
EndProject
Project("{8BC9CEB8-8B4A-11D0-8D11-00A0C91BC942}") = "xxhash", "deps\xxhash\xxhash.vcxproj", "{DC504567-A6FA-4E8F-A354-E1ECFDDE5D81}"
EndProject
Project("{8BC9CEB8-8B4A-11D0-8D11-00A0C91BC942}") = "zlib", "deps\zlib\zlib.vcxproj", "{E304062B-8190-4215-AFFE-D2BF30DE6600}"
EndProject
Project("{2150E333-8FDC-42A3-9474-1A3956D46DE8}") = "props", "props", "{0D2B0EAF-1FE2-4D91-A1EC-E55D4AF85FD2}"
	ProjectSection(SolutionItems) = preProject
		BasicConfiguration.props = BasicConfiguration.props
		LibraryDependencies.props = LibraryDependencies.props
	EndProjectSection
EndProject
Project("{8BC9CEB8-8B4A-11D0-8D11-00A0C91BC942}") = "nbt_all_test", "tests\nbt_all_test\nbt_all_test.vcxproj", "{254337A7-8904-45A2-B4BB-8ABEE74865B6}"
EndProject
Project("{2150E333-8FDC-42A3-9474-1A3956D46DE8}") = "resources", "resources", "{F9C79E2B-546D-40BB-B25C-A1C9F59EF132}"
	ProjectSection(SolutionItems) = preProject
		.gitattributes = .gitattributes
		.gitignore = .gitignore
		build_debug.bat = build_debug.bat
		build_release.bat = build_release.bat
		CMakeLists.txt = CMakeLists.txt
		init.bat = init.bat
		LICENSE = LICENSE
		nbt_cpp dependency diagram.dgml = nbt_cpp dependency diagram.dgml
		README.md = README.md
		TODO.txt = TODO.txt
		vcpkg_test.bat = vcpkg_test.bat
	EndProjectSection
EndProject
Project("{8BC9CEB8-8B4A-11D0-8D11-00A0C91BC942}") = "nbt_benchmark", "tests\nbt_benchmark\nbt_benchmark.vcxproj", "{7C808AA5-ADF0-4962-946A-C770B0B82E7D}"
EndProject
Project("{8BC9CEB8-8B4A-11D0-8D11-00A0C91BC942}") = "usage", "usage\usage.vcxproj", "{8C435495-5A89-43CD-BB71-0825634B3019}"
EndProject
Project("{2150E333-8FDC-42A3-9474-1A3956D46DE8}") = "my", "my", "{256B3826-0979-494F-B01B-CB5A217CE4FA}"
	ProjectSection(SolutionItems) = preProject
		deps\my\CodeTimer.hpp = deps\my\CodeTimer.hpp
		deps\my\MyAssert.hpp = deps\my\MyAssert.hpp
		deps\my\StrHexArray.hpp = deps\my\StrHexArray.hpp
		deps\my\Windows_ANSI.hpp = deps\my\Windows_ANSI.hpp
	EndProjectSection
EndProject
Project("{2150E333-8FDC-42A3-9474-1A3956D46DE8}") = "include", "include", "{0B625B37-5E58-4D1B-AB4D-B0070E93FB0A}"
EndProject
Project("{2150E333-8FDC-42A3-9474-1A3956D46DE8}") = "nbt_cpp", "nbt_cpp", "{E9EBAA7E-93FB-4C05-9568-EDAA96E9A2FD}"
	ProjectSection(SolutionItems) = preProject
		include\nbt_cpp\Compiler_Define.h = include\nbt_cpp\Compiler_Define.h
		include\nbt_cpp\MUTF8_Tool.hpp = include\nbt_cpp\MUTF8_Tool.hpp
		include\nbt_cpp\NBT_All.hpp = include\nbt_cpp\NBT_All.hpp
		include\nbt_cpp\NBT_Array.hpp = include\nbt_cpp\NBT_Array.hpp
		include\nbt_cpp\NBT_Compound.hpp = include\nbt_cpp\NBT_Compound.hpp
		include\nbt_cpp\NBT_Endian.hpp = include\nbt_cpp\NBT_Endian.hpp
		include\nbt_cpp\NBT_Hash.hpp = include\nbt_cpp\NBT_Hash.hpp
		include\nbt_cpp\NBT_Helper.hpp = include\nbt_cpp\NBT_Helper.hpp
		include\nbt_cpp\NBT_IO.hpp = include\nbt_cpp\NBT_IO.hpp
		include\nbt_cpp\NBT_List.hpp = include\nbt_cpp\NBT_List.hpp
		include\nbt_cpp\NBT_Node.hpp = include\nbt_cpp\NBT_Node.hpp
		include\nbt_cpp\NBT_Node_View.hpp = include\nbt_cpp\NBT_Node_View.hpp
		include\nbt_cpp\NBT_Print.hpp = include\nbt_cpp\NBT_Print.hpp
		include\nbt_cpp\NBT_Reader.hpp = include\nbt_cpp\NBT_Reader.hpp
		include\nbt_cpp\NBT_String.hpp = include\nbt_cpp\NBT_String.hpp
		include\nbt_cpp\NBT_TAG.hpp = include\nbt_cpp\NBT_TAG.hpp
		include\nbt_cpp\NBT_Type.hpp = include\nbt_cpp\NBT_Type.hpp
		include\nbt_cpp\NBT_Writer.hpp = include\nbt_cpp\NBT_Writer.hpp
		include\nbt_cpp\vcpkg_config.h = include\nbt_cpp\vcpkg_config.h
	EndProjectSection
EndProject
Project("{2150E333-8FDC-42A3-9474-1A3956D46DE8}") = "ports", "ports", "{6242EFA2-633E-45F0-B3F7-052D9EEBCE19}"
EndProject
Project("{2150E333-8FDC-42A3-9474-1A3956D46DE8}") = "docs", "docs", "{9324FCEB-618E-4F4C-B093-35503E5AA5CB}"
	ProjectSection(SolutionItems) = preProject
		docs\ROOT.md = docs\ROOT.md
	EndProjectSection
EndProject
Project("{2150E333-8FDC-42A3-9474-1A3956D46DE8}") = "chenjunfu2-nbt-cpp", "chenjunfu2-nbt-cpp", "{7D5F266E-97ED-4816-B2D8-6234FE40A737}"
	ProjectSection(SolutionItems) = preProject
		ports\chenjunfu2-nbt-cpp\portfile.cmake = ports\chenjunfu2-nbt-cpp\portfile.cmake
		ports\chenjunfu2-nbt-cpp\vcpkg.json = ports\chenjunfu2-nbt-cpp\vcpkg.json
	EndProjectSection
EndProject
Global
	GlobalSection(SolutionConfigurationPlatforms) = preSolution
		Debug|x64 = Debug|x64
		Debug|x86 = Debug|x86
		Release|x64 = Release|x64
		Release|x86 = Release|x86
	EndGlobalSection
	GlobalSection(ProjectConfigurationPlatforms) = postSolution
		{6301278C-B686-4ABC-B7D6-3B0EAF6F1129}.Debug|x64.ActiveCfg = Debug|x64
		{6301278C-B686-4ABC-B7D6-3B0EAF6F1129}.Debug|x64.Build.0 = Debug|x64
		{6301278C-B686-4ABC-B7D6-3B0EAF6F1129}.Debug|x86.ActiveCfg = Debug|Win32
		{6301278C-B686-4ABC-B7D6-3B0EAF6F1129}.Debug|x86.Build.0 = Debug|Win32
		{6301278C-B686-4ABC-B7D6-3B0EAF6F1129}.Release|x64.ActiveCfg = Release|x64
		{6301278C-B686-4ABC-B7D6-3B0EAF6F1129}.Release|x64.Build.0 = Release|x64
		{6301278C-B686-4ABC-B7D6-3B0EAF6F1129}.Release|x86.ActiveCfg = Release|Win32
		{6301278C-B686-4ABC-B7D6-3B0EAF6F1129}.Release|x86.Build.0 = Release|Win32
		{5CE5EC05-83A5-4C65-A847-1FF098A0BE56}.Debug|x64.ActiveCfg = Debug|x64
		{5CE5EC05-83A5-4C65-A847-1FF098A0BE56}.Debug|x64.Build.0 = Debug|x64
		{5CE5EC05-83A5-4C65-A847-1FF098A0BE56}.Debug|x86.ActiveCfg = Debug|Win32
		{5CE5EC05-83A5-4C65-A847-1FF098A0BE56}.Debug|x86.Build.0 = Debug|Win32
		{5CE5EC05-83A5-4C65-A847-1FF098A0BE56}.Release|x64.ActiveCfg = Release|x64
		{5CE5EC05-83A5-4C65-A847-1FF098A0BE56}.Release|x64.Build.0 = Release|x64
		{5CE5EC05-83A5-4C65-A847-1FF098A0BE56}.Release|x86.ActiveCfg = Release|Win32
		{5CE5EC05-83A5-4C65-A847-1FF098A0BE56}.Release|x86.Build.0 = Release|Win32
		{DC504567-A6FA-4E8F-A354-E1ECFDDE5D81}.Debug|x64.ActiveCfg = Debug|x64
		{DC504567-A6FA-4E8F-A354-E1ECFDDE5D81}.Debug|x64.Build.0 = Debug|x64
		{DC504567-A6FA-4E8F-A354-E1ECFDDE5D81}.Debug|x86.ActiveCfg = Debug|Win32
		{DC504567-A6FA-4E8F-A354-E1ECFDDE5D81}.Debug|x86.Build.0 = Debug|Win32
		{DC504567-A6FA-4E8F-A354-E1ECFDDE5D81}.Release|x64.ActiveCfg = Release|x64
		{DC504567-A6FA-4E8F-A354-E1ECFDDE5D81}.Release|x64.Build.0 = Release|x64
		{DC504567-A6FA-4E8F-A354-E1ECFDDE5D81}.Release|x86.ActiveCfg = Release|Win32
		{DC504567-A6FA-4E8F-A354-E1ECFDDE5D81}.Release|x86.Build.0 = Release|Win32
		{E304062B-8190-4215-AFFE-D2BF30DE6600}.Debug|x64.ActiveCfg = Debug|x64
		{E304062B-8190-4215-AFFE-D2BF30DE6600}.Debug|x64.Build.0 = Debug|x64
		{E304062B-8190-4215-AFFE-D2BF30DE6600}.Debug|x86.ActiveCfg = Debug|Win32
		{E304062B-8190-4215-AFFE-D2BF30DE6600}.Debug|x86.Build.0 = Debug|Win32
		{E304062B-8190-4215-AFFE-D2BF30DE6600}.Release|x64.ActiveCfg = Release|x64
		{E304062B-8190-4215-AFFE-D2BF30DE6600}.Release|x64.Build.0 = Release|x64
		{E304062B-8190-4215-AFFE-D2BF30DE6600}.Release|x86.ActiveCfg = Release|Win32
		{E304062B-8190-4215-AFFE-D2BF30DE6600}.Release|x86.Build.0 = Release|Win32
		{254337A7-8904-45A2-B4BB-8ABEE74865B6}.Debug|x64.ActiveCfg = Debug|x64
		{254337A7-8904-45A2-B4BB-8ABEE74865B6}.Debug|x64.Build.0 = Debug|x64
		{254337A7-8904-45A2-B4BB-8ABEE74865B6}.Debug|x86.ActiveCfg = Debug|Win32
		{254337A7-8904-45A2-B4BB-8ABEE74865B6}.Debug|x86.Build.0 = Debug|Win32
		{254337A7-8904-45A2-B4BB-8ABEE74865B6}.Release|x64.ActiveCfg = Release|x64
		{254337A7-8904-45A2-B4BB-8ABEE74865B6}.Release|x64.Build.0 = Release|x64
		{254337A7-8904-45A2-B4BB-8ABEE74865B6}.Release|x86.ActiveCfg = Release|Win32
		{254337A7-8904-45A2-B4BB-8ABEE74865B6}.Release|x86.Build.0 = Release|Win32
		{7C808AA5-ADF0-4962-946A-C770B0B82E7D}.Debug|x64.ActiveCfg = Debug|x64
		{7C808AA5-ADF0-4962-946A-C770B0B82E7D}.Debug|x64.Build.0 = Debug|x64
		{7C808AA5-ADF0-4962-946A-C770B0B82E7D}.Debug|x86.ActiveCfg = Debug|Win32
		{7C808AA5-ADF0-4962-946A-C770B0B82E7D}.Debug|x86.Build.0 = Debug|Win32
		{7C808AA5-ADF0-4962-946A-C770B0B82E7D}.Release|x64.ActiveCfg = Release|x64
		{7C808AA5-ADF0-4962-946A-C770B0B82E7D}.Release|x64.Build.0 = Release|x64
		{7C808AA5-ADF0-4962-946A-C770B0B82E7D}.Release|x86.ActiveCfg = Release|Win32
		{7C808AA5-ADF0-4962-946A-C770B0B82E7D}.Release|x86.Build.0 = Release|Win32
		{8C435495-5A89-43CD-BB71-0825634B3019}.Debug|x64.ActiveCfg = Debug|x64
		{8C435495-5A89-43CD-BB71-0825634B3019}.Debug|x64.Build.0 = Debug|x64
		{8C435495-5A89-43CD-BB71-0825634B3019}.Debug|x86.ActiveCfg = Debug|Win32
		{8C435495-5A89-43CD-BB71-0825634B3019}.Debug|x86.Build.0 = Debug|Win32
		{8C435495-5A89-43CD-BB71-0825634B3019}.Release|x64.ActiveCfg = Release|x64
		{8C435495-5A89-43CD-BB71-0825634B3019}.Release|x64.Build.0 = Release|x64
		{8C435495-5A89-43CD-BB71-0825634B3019}.Release|x86.ActiveCfg = Release|Win32
		{8C435495-5A89-43CD-BB71-0825634B3019}.Release|x86.Build.0 = Release|Win32
	EndGlobalSection
	GlobalSection(SolutionProperties) = preSolution
		HideSolutionNode = FALSE
	EndGlobalSection
	GlobalSection(NestedProjects) = preSolution
		{6301278C-B686-4ABC-B7D6-3B0EAF6F1129} = {CB0077C9-8803-486A-BD8C-1EEF01298AAA}
		{5CE5EC05-83A5-4C65-A847-1FF098A0BE56} = {CB0077C9-8803-486A-BD8C-1EEF01298AAA}
		{DC504567-A6FA-4E8F-A354-E1ECFDDE5D81} = {575F30F7-1871-4C8A-80F9-95B324BF9895}
		{E304062B-8190-4215-AFFE-D2BF30DE6600} = {575F30F7-1871-4C8A-80F9-95B324BF9895}
		{254337A7-8904-45A2-B4BB-8ABEE74865B6} = {CB0077C9-8803-486A-BD8C-1EEF01298AAA}
		{7C808AA5-ADF0-4962-946A-C770B0B82E7D} = {CB0077C9-8803-486A-BD8C-1EEF01298AAA}
		{256B3826-0979-494F-B01B-CB5A217CE4FA} = {575F30F7-1871-4C8A-80F9-95B324BF9895}
		{E9EBAA7E-93FB-4C05-9568-EDAA96E9A2FD} = {0B625B37-5E58-4D1B-AB4D-B0070E93FB0A}
		{7D5F266E-97ED-4816-B2D8-6234FE40A737} = {6242EFA2-633E-45F0-B3F7-052D9EEBCE19}
	EndGlobalSection
	GlobalSection(ExtensibilityGlobals) = postSolution
		SolutionGuid = {F73690EB-AAEC-4C50-A189-1C05372948D5}
	EndGlobalSection
EndGlobal
