
Microsoft Visual Studio Solution File, Format Version 12.00
# Visual Studio Version 16
VisualStudioVersion = 16.0.36422.26
MinimumVisualStudioVersion = 10.0.40219.1
Project("{8BC9CEB8-8B4A-11D0-8D11-00A0C91BC942}") = "nbt_cpp", "NBT_CPP.vcxproj", "{8C435495-5A89-43CD-BB71-0825634B3019}"
EndProject
Project("{8BC9CEB8-8B4A-11D0-8D11-00A0C91BC942}") = "endian_test", "tests\endian_test\Endian_Test.vcxproj", "{77BB30D6-589B-4484-B09F-A40B1D131E7A}"
EndProject
Project("{8BC9CEB8-8B4A-11D0-8D11-00A0C91BC942}") = "mutf8_test", "tests\mutf8_test\MUTF8_Test.vcxproj", "{6301278C-B686-4ABC-B7D6-3B0EAF6F1129}"
EndProject
Project("{8BC9CEB8-8B4A-11D0-8D11-00A0C91BC942}") = "nbt_test", "tests\nbt_test\NBT_Test.vcxproj", "{5CE5EC05-83A5-4C65-A847-1FF098A0BE56}"
EndProject
Project("{2150E333-8FDC-42A3-9474-1A3956D46DE8}") = "tests", "tests", "{CB0077C9-8803-486A-BD8C-1EEF01298AAA}"
EndProject
Project("{2150E333-8FDC-42A3-9474-1A3956D46DE8}") = "deps", "deps", "{575F30F7-1871-4C8A-80F9-95B324BF9895}"
EndProject
Project("{8BC9CEB8-8B4A-11D0-8D11-00A0C91BC942}") = "xxhash", "deps\xxhash\xxhash.vcxproj", "{DC504567-A6FA-4E8F-A354-E1ECFDDE5D81}"
EndProject
Project("{8BC9CEB8-8B4A-11D0-8D11-00A0C91BC942}") = "zlib", "deps\zlib\zlib.vcxproj", "{E304062B-8190-4215-AFFE-D2BF30DE6600}"
EndProject
Project("{2150E333-8FDC-42A3-9474-1A3956D46DE8}") = "props", "props", "{0D2B0EAF-1FE2-4D91-A1EC-E55D4AF85FD2}"
	ProjectSection(SolutionItems) = preProject
		BasicConfiguration.props = BasicConfiguration.props
		LibraryDependencies.props = LibraryDependencies.props
	EndProjectSection
EndProject
Project("{8BC9CEB8-8B4A-11D0-8D11-00A0C91BC942}") = "nbt_type_test", "tests\nbt_type_test\nbt_type_test.vcxproj", "{254337A7-8904-45A2-B4BB-8ABEE74865B6}"
EndProject
Global
	GlobalSection(SolutionConfigurationPlatforms) = preSolution
		Debug|x64 = Debug|x64
		Debug|x86 = Debug|x86
		Release|x64 = Release|x64
		Release|x86 = Release|x86
	EndGlobalSection
	GlobalSection(ProjectConfigurationPlatforms) = postSolution
		{8C435495-5A89-43CD-BB71-0825634B3019}.Debug|x64.ActiveCfg = Debug|x64
		{8C435495-5A89-43CD-BB71-0825634B3019}.Debug|x64.Build.0 = Debug|x64
		{8C435495-5A89-43CD-BB71-0825634B3019}.Debug|x86.ActiveCfg = Debug|Win32
		{8C435495-5A89-43CD-BB71-0825634B3019}.Debug|x86.Build.0 = Debug|Win32
		{8C435495-5A89-43CD-BB71-0825634B3019}.Release|x64.ActiveCfg = Release|x64
		{8C435495-5A89-43CD-BB71-0825634B3019}.Release|x64.Build.0 = Release|x64
		{8C435495-5A89-43CD-BB71-0825634B3019}.Release|x86.ActiveCfg = Release|Win32
		{8C435495-5A89-43CD-BB71-0825634B3019}.Release|x86.Build.0 = Release|Win32
		{77BB30D6-589B-4484-B09F-A40B1D131E7A}.Debug|x64.ActiveCfg = Debug|x64
		{77BB30D6-589B-4484-B09F-A40B1D131E7A}.Debug|x64.Build.0 = Debug|x64
		{77BB30D6-589B-4484-B09F-A40B1D131E7A}.Debug|x86.ActiveCfg = Debug|Win32
		{77BB30D6-589B-4484-B09F-A40B1D131E7A}.Debug|x86.Build.0 = Debug|Win32
		{77BB30D6-589B-4484-B09F-A40B1D131E7A}.Release|x64.ActiveCfg = Release|x64
		{77BB30D6-589B-4484-B09F-A40B1D131E7A}.Release|x64.Build.0 = Release|x64
		{77BB30D6-589B-4484-B09F-A40B1D131E7A}.Release|x86.ActiveCfg = Release|Win32
		{77BB30D6-589B-4484-B09F-A40B1D131E7A}.Release|x86.Build.0 = Release|Win32
		{6301278C-B686-4ABC-B7D6-3B0EAF6F1129}.Debug|x64.ActiveCfg = Debug|x64
		{6301278C-B686-4ABC-B7D6-3B0EAF6F1129}.Debug|x64.Build.0 = Debug|x64
		{6301278C-B686-4ABC-B7D6-3B0EAF6F1129}.Debug|x86.ActiveCfg = Debug|Win32
		{6301278C-B686-4ABC-B7D6-3B0EAF6F1129}.Debug|x86.Build.0 = Debug|Win32
		{6301278C-B686-4ABC-B7D6-3B0EAF6F1129}.Release|x64.ActiveCfg = Release|x64
		{6301278C-B686-4ABC-B7D6-3B0EAF6F1129}.Release|x64.Build.0 = Release|x64
		{6301278C-B686-4ABC-B7D6-3B0EAF6F1129}.Release|x86.ActiveCfg = Release|Win32
		{6301278C-B686-4ABC-B7D6-3B0EAF6F1129}.Release|x86.Build.0 = Release|Win32
		{5CE5EC05-83A5-4C65-A847-1FF098A0BE56}.Debug|x64.ActiveCfg = Debug|x64
		{5CE5EC05-83A5-4C65-A847-1FF098A0BE56}.Debug|x64.Build.0 = Debug|x64
		{5CE5EC05-83A5-4C65-A847-1FF098A0BE56}.Debug|x86.ActiveCfg = Debug|Win32
		{5CE5EC05-83A5-4C65-A847-1FF098A0BE56}.Debug|x86.Build.0 = Debug|Win32
		{5CE5EC05-83A5-4C65-A847-1FF098A0BE56}.Release|x64.ActiveCfg = Release|x64
		{5CE5EC05-83A5-4C65-A847-1FF098A0BE56}.Release|x64.Build.0 = Release|x64
		{5CE5EC05-83A5-4C65-A847-1FF098A0BE56}.Release|x86.ActiveCfg = Release|Win32
		{5CE5EC05-83A5-4C65-A847-1FF098A0BE56}.Release|x86.Build.0 = Release|Win32
		{DC504567-A6FA-4E8F-A354-E1ECFDDE5D81}.Debug|x64.ActiveCfg = Debug|x64
		{DC504567-A6FA-4E8F-A354-E1ECFDDE5D81}.Debug|x64.Build.0 = Debug|x64
		{DC504567-A6FA-4E8F-A354-E1ECFDDE5D81}.Debug|x86.ActiveCfg = Debug|Win32
		{DC504567-A6FA-4E8F-A354-E1ECFDDE5D81}.Debug|x86.Build.0 = Debug|Win32
		{DC504567-A6FA-4E8F-A354-E1ECFDDE5D81}.Release|x64.ActiveCfg = Release|x64
		{DC504567-A6FA-4E8F-A354-E1ECFDDE5D81}.Release|x64.Build.0 = Release|x64
		{DC504567-A6FA-4E8F-A354-E1ECFDDE5D81}.Release|x86.ActiveCfg = Release|Win32
		{DC504567-A6FA-4E8F-A354-E1ECFDDE5D81}.Release|x86.Build.0 = Release|Win32
		{E304062B-8190-4215-AFFE-D2BF30DE6600}.Debug|x64.ActiveCfg = Debug|x64
		{E304062B-8190-4215-AFFE-D2BF30DE6600}.Debug|x64.Build.0 = Debug|x64
		{E304062B-8190-4215-AFFE-D2BF30DE6600}.Debug|x86.ActiveCfg = Debug|Win32
		{E304062B-8190-4215-AFFE-D2BF30DE6600}.Debug|x86.Build.0 = Debug|Win32
		{E304062B-8190-4215-AFFE-D2BF30DE6600}.Release|x64.ActiveCfg = Release|x64
		{E304062B-8190-4215-AFFE-D2BF30DE6600}.Release|x64.Build.0 = Release|x64
		{E304062B-8190-4215-AFFE-D2BF30DE6600}.Release|x86.ActiveCfg = Release|Win32
		{E304062B-8190-4215-AFFE-D2BF30DE6600}.Release|x86.Build.0 = Release|Win32
		{254337A7-8904-45A2-B4BB-8ABEE74865B6}.Debug|x64.ActiveCfg = Debug|x64
		{254337A7-8904-45A2-B4BB-8ABEE74865B6}.Debug|x64.Build.0 = Debug|x64
		{254337A7-8904-45A2-B4BB-8ABEE74865B6}.Debug|x86.ActiveCfg = Debug|Win32
		{254337A7-8904-45A2-B4BB-8ABEE74865B6}.Debug|x86.Build.0 = Debug|Win32
		{254337A7-8904-45A2-B4BB-8ABEE74865B6}.Release|x64.ActiveCfg = Release|x64
		{254337A7-8904-45A2-B4BB-8ABEE74865B6}.Release|x64.Build.0 = Release|x64
		{254337A7-8904-45A2-B4BB-8ABEE74865B6}.Release|x86.ActiveCfg = Release|Win32
		{254337A7-8904-45A2-B4BB-8ABEE74865B6}.Release|x86.Build.0 = Release|Win32
	EndGlobalSection
	GlobalSection(SolutionProperties) = preSolution
		HideSolutionNode = FALSE
	EndGlobalSection
	GlobalSection(NestedProjects) = preSolution
		{77BB30D6-589B-4484-B09F-A40B1D131E7A} = {CB0077C9-8803-486A-BD8C-1EEF01298AAA}
		{6301278C-B686-4ABC-B7D6-3B0EAF6F1129} = {CB0077C9-8803-486A-BD8C-1EEF01298AAA}
		{5CE5EC05-83A5-4C65-A847-1FF098A0BE56} = {CB0077C9-8803-486A-BD8C-1EEF01298AAA}
		{DC504567-A6FA-4E8F-A354-E1ECFDDE5D81} = {575F30F7-1871-4C8A-80F9-95B324BF9895}
		{E304062B-8190-4215-AFFE-D2BF30DE6600} = {575F30F7-1871-4C8A-80F9-95B324BF9895}
		{254337A7-8904-45A2-B4BB-8ABEE74865B6} = {CB0077C9-8803-486A-BD8C-1EEF01298AAA}
	EndGlobalSection
	GlobalSection(ExtensibilityGlobals) = postSolution
		SolutionGuid = {F73690EB-AAEC-4C50-A189-1C05372948D5}
	EndGlobalSection
EndGlobal
