
Microsoft Visual Studio Solution File, Format Version 12.00
# Visual Studio Version 16
VisualStudioVersion = 16.0.36422.26
MinimumVisualStudioVersion = 10.0.40219.1
Project("{8BC9CEB8-8B4A-11D0-8D11-00A0C91BC942}") = "NBT_CPP", "NBT_CPP.vcxproj", "{8C435495-5A89-43CD-BB71-0825634B3019}"
EndProject
Project("{8BC9CEB8-8B4A-11D0-8D11-00A0C91BC942}") = "Endian_Test", "tests\endian_test\Endian_Test.vcxproj", "{77BB30D6-589B-4484-B09F-A40B1D131E7A}"
EndProject
Project("{8BC9CEB8-8B4A-11D0-8D11-00A0C91BC942}") = "MUTF8_Test", "tests\mutf8_test\MUTF8_Test.vcxproj", "{6301278C-B686-4ABC-B7D6-3B0EAF6F1129}"
EndProject
Project("{8BC9CEB8-8B4A-11D0-8D11-00A0C91BC942}") = "NBT_Test", "tests\nbt_test\NBT_Test.vcxproj", "{5CE5EC05-83A5-4C65-A847-1FF098A0BE56}"
EndProject
Global
	GlobalSection(SolutionConfigurationPlatforms) = preSolution
		Debug|x64 = Debug|x64
		Debug|x86 = Debug|x86
		Release|x64 = Release|x64
		Release|x86 = Release|x86
	EndGlobalSection
	GlobalSection(ProjectConfigurationPlatforms) = postSolution
		{8C435495-5A89-43CD-BB71-0825634B3019}.Debug|x64.ActiveCfg = Debug|x64
		{8C435495-5A89-43CD-BB71-0825634B3019}.Debug|x64.Build.0 = Debug|x64
		{8C435495-5A89-43CD-BB71-0825634B3019}.Debug|x86.ActiveCfg = Debug|Win32
		{8C435495-5A89-43CD-BB71-0825634B3019}.Debug|x86.Build.0 = Debug|Win32
		{8C435495-5A89-43CD-BB71-0825634B3019}.Release|x64.ActiveCfg = Release|x64
		{8C435495-5A89-43CD-BB71-0825634B3019}.Release|x64.Build.0 = Release|x64
		{8C435495-5A89-43CD-BB71-0825634B3019}.Release|x86.ActiveCfg = Release|Win32
		{8C435495-5A89-43CD-BB71-0825634B3019}.Release|x86.Build.0 = Release|Win32
		{77BB30D6-589B-4484-B09F-A40B1D131E7A}.Debug|x64.ActiveCfg = Debug|x64
		{77BB30D6-589B-4484-B09F-A40B1D131E7A}.Debug|x64.Build.0 = Debug|x64
		{77BB30D6-589B-4484-B09F-A40B1D131E7A}.Debug|x86.ActiveCfg = Debug|Win32
		{77BB30D6-589B-4484-B09F-A40B1D131E7A}.Debug|x86.Build.0 = Debug|Win32
		{77BB30D6-589B-4484-B09F-A40B1D131E7A}.Release|x64.ActiveCfg = Release|x64
		{77BB30D6-589B-4484-B09F-A40B1D131E7A}.Release|x64.Build.0 = Release|x64
		{77BB30D6-589B-4484-B09F-A40B1D131E7A}.Release|x86.ActiveCfg = Release|Win32
		{77BB30D6-589B-4484-B09F-A40B1D131E7A}.Release|x86.Build.0 = Release|Win32
		{6301278C-B686-4ABC-B7D6-3B0EAF6F1129}.Debug|x64.ActiveCfg = Debug|x64
		{6301278C-B686-4ABC-B7D6-3B0EAF6F1129}.Debug|x64.Build.0 = Debug|x64
		{6301278C-B686-4ABC-B7D6-3B0EAF6F1129}.Debug|x86.ActiveCfg = Debug|Win32
		{6301278C-B686-4ABC-B7D6-3B0EAF6F1129}.Debug|x86.Build.0 = Debug|Win32
		{6301278C-B686-4ABC-B7D6-3B0EAF6F1129}.Release|x64.ActiveCfg = Release|x64
		{6301278C-B686-4ABC-B7D6-3B0EAF6F1129}.Release|x64.Build.0 = Release|x64
		{6301278C-B686-4ABC-B7D6-3B0EAF6F1129}.Release|x86.ActiveCfg = Release|Win32
		{6301278C-B686-4ABC-B7D6-3B0EAF6F1129}.Release|x86.Build.0 = Release|Win32
		{5CE5EC05-83A5-4C65-A847-1FF098A0BE56}.Debug|x64.ActiveCfg = Debug|x64
		{5CE5EC05-83A5-4C65-A847-1FF098A0BE56}.Debug|x64.Build.0 = Debug|x64
		{5CE5EC05-83A5-4C65-A847-1FF098A0BE56}.Debug|x86.ActiveCfg = Debug|Win32
		{5CE5EC05-83A5-4C65-A847-1FF098A0BE56}.Debug|x86.Build.0 = Debug|Win32
		{5CE5EC05-83A5-4C65-A847-1FF098A0BE56}.Release|x64.ActiveCfg = Release|x64
		{5CE5EC05-83A5-4C65-A847-1FF098A0BE56}.Release|x64.Build.0 = Release|x64
		{5CE5EC05-83A5-4C65-A847-1FF098A0BE56}.Release|x86.ActiveCfg = Release|Win32
		{5CE5EC05-83A5-4C65-A847-1FF098A0BE56}.Release|x86.Build.0 = Release|Win32
	EndGlobalSection
	GlobalSection(SolutionProperties) = preSolution
		HideSolutionNode = FALSE
	EndGlobalSection
	GlobalSection(ExtensibilityGlobals) = postSolution
		SolutionGuid = {F73690EB-AAEC-4C50-A189-1C05372948D5}
	EndGlobalSection
EndGlobal
